{
  "name": "@carbonplan/theme",
  "version": "5.0.0",
  "lockfileVersion": 2,
  "requires": true,
  "packages": {
    "": {
      "name": "@carbonplan/theme",
      "version": "5.0.0",
      "license": "MIT",
      "devDependencies": {
        "prettier": "^2.2.1"
      }
    },
    "node_modules/prettier": {
      "version": "2.2.1",
      "dev": true,
      "license": "MIT",
      "bin": {
        "prettier": "bin-prettier.js"
      },
      "engines": {
        "node": ">=10.13.0"
      }
    }
  },
  "dependencies": {
    "prettier": {
      "version": "2.2.1",
      "dev": true
    }
  }
}
